
Microsoft Visual Studio Solution File, Format Version 12.00
# Visual Studio 14
VisualStudioVersion = 14.0.25420.1
MinimumVisualStudioVersion = 10.0.40219.1
Project("{2150E333-8FDC-42A3-9474-1A3956D46DE8}") = "Api", "Api", "{69A30BFD-679E-4DAE-A08D-B80A92BC225F}"
EndProject
Project("{2150E333-8FDC-42A3-9474-1A3956D46DE8}") = "App", "App", "{F437549C-D96D-4CCA-9684-055BCF876BDF}"
EndProject
Project("{2150E333-8FDC-42A3-9474-1A3956D46DE8}") = "Domain", "Domain", "{6179772B-C6BF-4589-96E4-2F64DE33FB6F}"
EndProject
Project("{2150E333-8FDC-42A3-9474-1A3956D46DE8}") = "Infra", "Infra", "{79E362EC-409B-4960-8756-0635038BDC6D}"
EndProject
Project("{2150E333-8FDC-42A3-9474-1A3956D46DE8}") = "Dados", "Dados", "{C3B0DD93-E001-4254-891D-1D53185E8043}"
EndProject
Project("{2150E333-8FDC-42A3-9474-1A3956D46DE8}") = "CrossCutting", "CrossCutting", "{FC4AF6AA-86AC-4838-946D-950F217817DE}"
EndProject
Project("{FAE04EC0-301F-11D3-BF4B-00C04F79EFBC}") = "Totosinho.Api", "Totosinho.Api\Totosinho.Api.csproj", "{ACE89B8B-B4F5-4DC1-9BB4-596BC18E6412}"
EndProject
Project("{FAE04EC0-301F-11D3-BF4B-00C04F79EFBC}") = "Totosinho.App", "Totosinho.App\Totosinho.App.csproj", "{FBDACD11-6A01-4344-8196-8E7CF800AE54}"
EndProject
Project("{FAE04EC0-301F-11D3-BF4B-00C04F79EFBC}") = "Totosinho.Domain", "Totosinho.Domain\Totosinho.Domain.csproj", "{3DF88DF7-2E49-4478-B1FC-DF3A6005F67E}"
EndProject
Project("{FAE04EC0-301F-11D3-BF4B-00C04F79EFBC}") = "Totosinho.Infra.CrossCutting", "Totosinho.Infra.CrossCutting\Totosinho.Infra.CrossCutting.csproj", "{D3714D9F-60B3-4D1C-ACBD-9BEA6BB4215B}"
EndProject
Project("{FAE04EC0-301F-11D3-BF4B-00C04F79EFBC}") = "Totosinho.Infra.CrossCutting.IoC", "Totosinho.Infra.CrossCutting.IoC\Totosinho.Infra.CrossCutting.IoC.csproj", "{89EB9D80-86C5-4448-B5C3-A33ED1593ABE}"
EndProject
Project("{FAE04EC0-301F-11D3-BF4B-00C04F79EFBC}") = "Totosinho.Infra.Repositorio", "Totosinho.Infra.Repositorio\Totosinho.Infra.Repositorio.csproj", "{4429A982-3E21-4EA1-8411-F6CC3B1A66AE}"
EndProject
Project("{FAE04EC0-301F-11D3-BF4B-00C04F79EFBC}") = "Totosinho.Infra.Contexto", "Totosinho.Infra.Contexto\Totosinho.Infra.Contexto.csproj", "{9D155E98-26E4-40CE-906A-4F3593E148C8}"
EndProject
Project("{2150E333-8FDC-42A3-9474-1A3956D46DE8}") = "Tests", "Tests", "{2C69EE1A-5F4D-4D36-948A-2AB7389F3495}"
EndProject
Project("{FAE04EC0-301F-11D3-BF4B-00C04F79EFBC}") = "Totosinho.Api.Tests", "Totosinho.Api.Tests\Totosinho.Api.Tests.csproj", "{57E62854-1DE1-4AF9-8F3F-39E035041343}"
EndProject
Global
	GlobalSection(SolutionConfigurationPlatforms) = preSolution
		Debug|Any CPU = Debug|Any CPU
		Release|Any CPU = Release|Any CPU
	EndGlobalSection
	GlobalSection(ProjectConfigurationPlatforms) = postSolution
		{ACE89B8B-B4F5-4DC1-9BB4-596BC18E6412}.Debug|Any CPU.ActiveCfg = Debug|Any CPU
		{ACE89B8B-B4F5-4DC1-9BB4-596BC18E6412}.Debug|Any CPU.Build.0 = Debug|Any CPU
		{ACE89B8B-B4F5-4DC1-9BB4-596BC18E6412}.Release|Any CPU.ActiveCfg = Release|Any CPU
		{ACE89B8B-B4F5-4DC1-9BB4-596BC18E6412}.Release|Any CPU.Build.0 = Release|Any CPU
		{FBDACD11-6A01-4344-8196-8E7CF800AE54}.Debug|Any CPU.ActiveCfg = Debug|Any CPU
		{FBDACD11-6A01-4344-8196-8E7CF800AE54}.Debug|Any CPU.Build.0 = Debug|Any CPU
		{FBDACD11-6A01-4344-8196-8E7CF800AE54}.Release|Any CPU.ActiveCfg = Release|Any CPU
		{FBDACD11-6A01-4344-8196-8E7CF800AE54}.Release|Any CPU.Build.0 = Release|Any CPU
		{3DF88DF7-2E49-4478-B1FC-DF3A6005F67E}.Debug|Any CPU.ActiveCfg = Debug|Any CPU
		{3DF88DF7-2E49-4478-B1FC-DF3A6005F67E}.Debug|Any CPU.Build.0 = Debug|Any CPU
		{3DF88DF7-2E49-4478-B1FC-DF3A6005F67E}.Release|Any CPU.ActiveCfg = Release|Any CPU
		{3DF88DF7-2E49-4478-B1FC-DF3A6005F67E}.Release|Any CPU.Build.0 = Release|Any CPU
		{D3714D9F-60B3-4D1C-ACBD-9BEA6BB4215B}.Debug|Any CPU.ActiveCfg = Debug|Any CPU
		{D3714D9F-60B3-4D1C-ACBD-9BEA6BB4215B}.Debug|Any CPU.Build.0 = Debug|Any CPU
		{D3714D9F-60B3-4D1C-ACBD-9BEA6BB4215B}.Release|Any CPU.ActiveCfg = Release|Any CPU
		{D3714D9F-60B3-4D1C-ACBD-9BEA6BB4215B}.Release|Any CPU.Build.0 = Release|Any CPU
		{89EB9D80-86C5-4448-B5C3-A33ED1593ABE}.Debug|Any CPU.ActiveCfg = Debug|Any CPU
		{89EB9D80-86C5-4448-B5C3-A33ED1593ABE}.Debug|Any CPU.Build.0 = Debug|Any CPU
		{89EB9D80-86C5-4448-B5C3-A33ED1593ABE}.Release|Any CPU.ActiveCfg = Release|Any CPU
		{89EB9D80-86C5-4448-B5C3-A33ED1593ABE}.Release|Any CPU.Build.0 = Release|Any CPU
		{4429A982-3E21-4EA1-8411-F6CC3B1A66AE}.Debug|Any CPU.ActiveCfg = Debug|Any CPU
		{4429A982-3E21-4EA1-8411-F6CC3B1A66AE}.Debug|Any CPU.Build.0 = Debug|Any CPU
		{4429A982-3E21-4EA1-8411-F6CC3B1A66AE}.Release|Any CPU.ActiveCfg = Release|Any CPU
		{4429A982-3E21-4EA1-8411-F6CC3B1A66AE}.Release|Any CPU.Build.0 = Release|Any CPU
		{9D155E98-26E4-40CE-906A-4F3593E148C8}.Debug|Any CPU.ActiveCfg = Debug|Any CPU
		{9D155E98-26E4-40CE-906A-4F3593E148C8}.Debug|Any CPU.Build.0 = Debug|Any CPU
		{9D155E98-26E4-40CE-906A-4F3593E148C8}.Release|Any CPU.ActiveCfg = Release|Any CPU
		{9D155E98-26E4-40CE-906A-4F3593E148C8}.Release|Any CPU.Build.0 = Release|Any CPU
		{57E62854-1DE1-4AF9-8F3F-39E035041343}.Debug|Any CPU.ActiveCfg = Debug|Any CPU
		{57E62854-1DE1-4AF9-8F3F-39E035041343}.Debug|Any CPU.Build.0 = Debug|Any CPU
		{57E62854-1DE1-4AF9-8F3F-39E035041343}.Release|Any CPU.ActiveCfg = Release|Any CPU
		{57E62854-1DE1-4AF9-8F3F-39E035041343}.Release|Any CPU.Build.0 = Release|Any CPU
	EndGlobalSection
	GlobalSection(SolutionProperties) = preSolution
		HideSolutionNode = FALSE
	EndGlobalSection
	GlobalSection(NestedProjects) = preSolution
		{C3B0DD93-E001-4254-891D-1D53185E8043} = {79E362EC-409B-4960-8756-0635038BDC6D}
		{FC4AF6AA-86AC-4838-946D-950F217817DE} = {79E362EC-409B-4960-8756-0635038BDC6D}
		{ACE89B8B-B4F5-4DC1-9BB4-596BC18E6412} = {69A30BFD-679E-4DAE-A08D-B80A92BC225F}
		{FBDACD11-6A01-4344-8196-8E7CF800AE54} = {F437549C-D96D-4CCA-9684-055BCF876BDF}
		{3DF88DF7-2E49-4478-B1FC-DF3A6005F67E} = {6179772B-C6BF-4589-96E4-2F64DE33FB6F}
		{D3714D9F-60B3-4D1C-ACBD-9BEA6BB4215B} = {FC4AF6AA-86AC-4838-946D-950F217817DE}
		{89EB9D80-86C5-4448-B5C3-A33ED1593ABE} = {FC4AF6AA-86AC-4838-946D-950F217817DE}
		{4429A982-3E21-4EA1-8411-F6CC3B1A66AE} = {C3B0DD93-E001-4254-891D-1D53185E8043}
		{9D155E98-26E4-40CE-906A-4F3593E148C8} = {C3B0DD93-E001-4254-891D-1D53185E8043}
		{57E62854-1DE1-4AF9-8F3F-39E035041343} = {2C69EE1A-5F4D-4D36-948A-2AB7389F3495}
	EndGlobalSection
EndGlobal
